
Microsoft Visual Studio Solution File, Format Version 12.00
# Visual Studio Version 16
VisualStudioVersion = 16.0.29403.142
MinimumVisualStudioVersion = 10.0.40219.1
Project("{FAE04EC0-301F-11D3-BF4B-00C04F79EFBC}") = "BlazorCRUD.Server", "BlazorCRUD\Server\BlazorCRUD.Server.csproj", "{6A297086-8820-4182-B3B6-E8B85EBF62B2}"
EndProject
Project("{FAE04EC0-301F-11D3-BF4B-00C04F79EFBC}") = "BlazorCRUD.Client", "BlazorCRUD\Client\BlazorCRUD.Client.csproj", "{2F7794A0-19A2-4CDC-A16B-2FB288EAC17B}"
EndProject
Project("{FAE04EC0-301F-11D3-BF4B-00C04F79EFBC}") = "BlazorCRUD.Shared", "BlazorCRUD\Shared\BlazorCRUD.Shared.csproj", "{F67E567A-9B0F-4738-82F1-517C82525396}"
EndProject
Global
	GlobalSection(SolutionConfigurationPlatforms) = preSolution
		Debug|Any CPU = Debug|Any CPU
		Release|Any CPU = Release|Any CPU
	EndGlobalSection
	GlobalSection(ProjectConfigurationPlatforms) = postSolution
		{6A297086-8820-4182-B3B6-E8B85EBF62B2}.Debug|Any CPU.ActiveCfg = Debug|Any CPU
		{6A297086-8820-4182-B3B6-E8B85EBF62B2}.Debug|Any CPU.Build.0 = Debug|Any CPU
		{6A297086-8820-4182-B3B6-E8B85EBF62B2}.Release|Any CPU.ActiveCfg = Release|Any CPU
		{6A297086-8820-4182-B3B6-E8B85EBF62B2}.Release|Any CPU.Build.0 = Release|Any CPU
		{2F7794A0-19A2-4CDC-A16B-2FB288EAC17B}.Debug|Any CPU.ActiveCfg = Debug|Any CPU
		{2F7794A0-19A2-4CDC-A16B-2FB288EAC17B}.Debug|Any CPU.Build.0 = Debug|Any CPU
		{2F7794A0-19A2-4CDC-A16B-2FB288EAC17B}.Release|Any CPU.ActiveCfg = Release|Any CPU
		{2F7794A0-19A2-4CDC-A16B-2FB288EAC17B}.Release|Any CPU.Build.0 = Release|Any CPU
		{F67E567A-9B0F-4738-82F1-517C82525396}.Debug|Any CPU.ActiveCfg = Debug|Any CPU
		{F67E567A-9B0F-4738-82F1-517C82525396}.Debug|Any CPU.Build.0 = Debug|Any CPU
		{F67E567A-9B0F-4738-82F1-517C82525396}.Release|Any CPU.ActiveCfg = Release|Any CPU
		{F67E567A-9B0F-4738-82F1-517C82525396}.Release|Any CPU.Build.0 = Release|Any CPU
	EndGlobalSection
	GlobalSection(SolutionProperties) = preSolution
		HideSolutionNode = FALSE
	EndGlobalSection
	GlobalSection(ExtensibilityGlobals) = postSolution
		SolutionGuid = {12D073D9-0451-4B17-BCC5-912E1ADFA9E3}
	EndGlobalSection
EndGlobal
